# THIS IS AN AUTOGENERATED FILE. DO NOT EDIT THIS FILE DIRECTLY.
# yarn lockfile v1


cytoscape@^3.21.1:
  version "3.21.1"
  resolved "https://registry.yarnpkg.com/cytoscape/-/cytoscape-3.21.1.tgz#2d3a8b8ade8661c9efab2e9bf7a354b374d6cf0e"
  integrity sha512-mxdxCzuGHOMSWHUFO+/ZQPeMNtJAm81LGzdwP02LhT592ZRfHWCvHUY++HpnSjg/SgrKg1CMqegY/HvYLUS1qg==
  dependencies:
    heap "^0.2.6"
    lodash.debounce "^4.0.8"
    lodash.get "^4.4.2"
    lodash.set "^4.3.2"
    lodash.topath "^4.5.2"

heap@^0.2.6:
  version "0.2.7"
  resolved "https://registry.yarnpkg.com/heap/-/heap-0.2.7.tgz#1e6adf711d3f27ce35a81fe3b7bd576c2260a8fc"
  integrity sha512-2bsegYkkHO+h/9MGbn6KWcE45cHZgPANo5LXF7EvWdT0yT2EguSVO1nDgU5c8+ZOPwp2vMNa7YFsJhVcDR9Sdg==

lodash.debounce@^4.0.8:
  version "4.0.8"
  resolved "https://registry.yarnpkg.com/lodash.debounce/-/lodash.debounce-4.0.8.tgz#82d79bff30a67c4005ffd5e2515300ad9ca4d7af"
  integrity sha1-gteb/zCmfEAF/9XiUVMArZyk168=

lodash.get@^4.4.2:
  version "4.4.2"
  resolved "https://registry.yarnpkg.com/lodash.get/-/lodash.get-4.4.2.tgz#2d177f652fa31e939b4438d5341499dfa3825e99"
  integrity sha1-LRd/ZS+jHpObRDjVNBSZ36OCXpk=

lodash.set@^4.3.2:
  version "4.3.2"
  resolved "https://registry.yarnpkg.com/lodash.set/-/lodash.set-4.3.2.tgz#d8757b1da807dde24816b0d6a84bea1a76230b23"
  integrity sha1-2HV7HagH3eJIFrDWqEvqGnYjCyM=

lodash.topath@^4.5.2:
  version "4.5.2"
  resolved "https://registry.yarnpkg.com/lodash.topath/-/lodash.topath-4.5.2.tgz#3616351f3bba61994a0931989660bd03254fd009"
  integrity sha1-NhY1Hzu6YZlKCTGYlmC9AyVP0Ak=
